{
  "version": 1,
  "dependencies": {
    "net8.0": {
      "HotChocolate.AspNetCore": {
        "type": "Direct",
        "requested": "[15.0.3, 15.0.3]",
        "resolved": "15.0.3",
        "contentHash": "0rzAwdY6NoCO/MIJ9fb7V5KH6WEoBMfNow4riJDaxVi9aQ8gHVOImUNyGex1BJJdBEIkXp0lUNNWwmC777eoRQ==",
        "dependencies": {
          "ChilliCream.Nitro.App": "23.0.4",
          "HotChocolate": "15.0.3",
          "HotChocolate.Subscriptions.InMemory": "15.0.3",
          "HotChocolate.Transport.Sockets": "15.0.3",
          "HotChocolate.Types.Scalars.Upload": "15.0.3",
          "HotChocolate.Utilities.DependencyInjection": "15.0.3"
        }
      },
      "HotChocolate.Execution": {
        "type": "Direct",
        "requested": "[15.0.3, 15.0.3]",
        "resolved": "15.0.3",
        "contentHash": "jIoUssSOGE+d553SlmruDpOvVc+6fWG6f53bOKSb6SW670R00xiOjImZDfgE9Jo4uMbRgq9FV0pnO76s6nlspg==",
        "dependencies": {
          "HotChocolate.Abstractions": "15.0.3",
          "HotChocolate.Execution.Abstractions": "15.0.3",
          "HotChocolate.Fetching": "15.0.3",
          "HotChocolate.Types": "15.0.3",
          "HotChocolate.Utilities.DependencyInjection": "15.0.3",
          "HotChocolate.Validation": "15.0.3",
          "Microsoft.Extensions.DependencyInjection": "8.0.0",
          "System.IO.Pipelines": "8.0.0"
        }
      },
      "HotChocolate.Fusion": {
        "type": "Direct",
        "requested": "[15.0.3, 15.0.3]",
        "resolved": "15.0.3",
        "contentHash": "tADkietLEOiSwuN4IjzfDJOHm/T+hj/3s0DCX6nEx8oMC58K5wgi7NkNg8cOkrYfoAYo5/toQARksJ/BHRExtA==",
        "dependencies": {
          "HotChocolate": "15.0.3",
          "HotChocolate.AspNetCore": "15.0.3",
          "HotChocolate.Fusion.Abstractions": "15.0.3",
          "HotChocolate.Transport.Http": "15.0.3",
          "HotChocolate.Transport.Sockets.Client": "15.0.3",
          "Microsoft.Extensions.DependencyInjection.Abstractions": "8.0.0",
          "Microsoft.Extensions.Http": "8.0.0",
          "System.Reactive": "6.0.0"
        }
      },
      "Microsoft.AspNetCore.Authentication.JwtBearer": {
        "type": "Direct",
        "requested": "[8.0.1, 8.0.1]",
        "resolved": "8.0.1",
        "contentHash": "6xI3L6n8ucpUSkVn0Ax0MOtSJKIT6lrIkYGxIRda9LgmAjOFS3wPj2J2Y75dGUFkgTgpxPNq9K0oDCMPS2zBMg==",
        "dependencies": {
          "Microsoft.IdentityModel.Protocols.OpenIdConnect": "7.1.2"
        }
      },
      "Microsoft.AspNetCore.Http.Abstractions": {
        "type": "Direct",
        "requested": "[2.3.0, 2.3.0]",
        "resolved": "2.3.0",
        "contentHash": "39r9PPrjA6s0blyFv5qarckjNkaHRA5B+3b53ybuGGNTXEj1/DStQJ4NWjFL6QTRQpL9zt7nDyKxZdJOlcnq+Q==",
        "dependencies": {
          "Microsoft.AspNetCore.Http.Features": "2.3.0",
          "System.Text.Encodings.Web": "8.0.0"
        }
      },
      "Microsoft.Extensions.Logging.Abstractions": {
        "type": "Direct",
        "requested": "[9.0.1, 9.0.1]",
        "resolved": "9.0.1",
        "contentHash": "w2gUqXN/jNIuvqYwX3lbXagsizVNXYyt6LlF57+tMve4JYCEgCMMAjRce6uKcDASJgpMbErRT1PfHy2OhbkqEA==",
        "dependencies": {
          "Microsoft.Extensions.DependencyInjection.Abstractions": "9.0.1",
          "System.Diagnostics.DiagnosticSource": "9.0.1"
        }
      },
      "Newtonsoft.Json": {
        "type": "Direct",
        "requested": "[13.0.3, 13.0.3]",
        "resolved": "13.0.3",
        "contentHash": "HrC5BXdl00IP9zeV+0Z848QWPAoCr9P3bDEZguI+gkLcBKAOxix/tLEAAHC+UvDNPv4a2d18lOReHMOagPa+zQ=="
      },
      "prometheus-net": {
        "type": "Direct",
        "requested": "[8.2.1, 8.2.1]",
        "resolved": "8.2.1",
        "contentHash": "3wVgdEPOCBF752s2xps5T+VH+c9mJK8S8GKEDg49084P6JZMumTZI5Te6aJ9MQpX0sx7om6JOnBpIi7ZBmmiDQ==",
        "dependencies": {
          "Microsoft.Extensions.Http": "3.1.0",
          "Microsoft.Extensions.ObjectPool": "7.0.0"
        }
      },
      "prometheus-net.AspNetCore": {
        "type": "Direct",
        "requested": "[8.2.1, 8.2.1]",
        "resolved": "8.2.1",
        "contentHash": "/4TfTvbwIDqpaKTiWvEsjUywiHYF9zZvGZF5sK15avoDsUO/WPQbKsF8TiMaesuphdFQPK2z52P0zk6j26V0rQ==",
        "dependencies": {
          "prometheus-net": "8.2.1"
        }
      },
      "ChilliCream.Nitro.App": {
        "type": "Transitive",
        "resolved": "23.0.4",
        "contentHash": "SuLadbHINP5pT9385QgwQhQxtNoY+bC96767gvH76oeHKvWqHzlAGDwwc7K97IxxIhLl0v9O6QqKydfEN96mtw==",
        "dependencies": {
          "Yarp.ReverseProxy": "2.2.0"
        }
      },
      "GreenDonut": {
        "type": "Transitive",
        "resolved": "15.0.3",
        "contentHash": "RqAKD20be6EY7AsMUpiJ58z7Ucc2U0psNOQoCeTQ1KhNjWFlYCGNI1VQidA2PcNleRdZ6CBlPIOLC4LxoyWUBQ==",
        "dependencies": {
          "GreenDonut.Abstractions": "15.0.3",
          "Microsoft.Extensions.DependencyInjection.Abstractions": "8.0.0",
          "Microsoft.Extensions.ObjectPool": "8.0.0"
        }
      },
      "GreenDonut.Abstractions": {
        "type": "Transitive",
        "resolved": "15.0.3",
        "contentHash": "2fuKN8Mu65r67ellWaSp2tsK6cRHgwtodSrZTdDSNtDdlAlAT+i1c6RRIx8BwdYBR50NlVP1soPbH9SL6vGE7Q=="
      },
      "GreenDonut.Data": {
        "type": "Transitive",
        "resolved": "15.0.3",
        "contentHash": "UCWZAatk/61MZVzlD+tCW1y1waHvnkL91Ig88zaUUgZhtkruZ3IfUGPYujryMyCy4lZ1ngsF8wuwfmzADC7UOw==",
        "dependencies": {
          "GreenDonut": "15.0.3",
          "GreenDonut.Data.Abstractions": "15.0.3"
        }
      },
      "GreenDonut.Data.Abstractions": {
        "type": "Transitive",
        "resolved": "15.0.3",
        "contentHash": "GjwjaqzEOOGk59LYKsWx6q4qY2eHbOFVDyDfEqDz7hXotZfk+OXiMpj5z0Jf2AlYKskyqE4FGpDYqx0iIMg5UQ==",
        "dependencies": {
          "GreenDonut.Abstractions": "15.0.3",
          "GreenDonut.Data.Primitives": "15.0.3"
        }
      },
      "GreenDonut.Data.Primitives": {
        "type": "Transitive",
        "resolved": "15.0.3",
        "contentHash": "t27v5GLmBTYT+S0MO5ob9q9dcjWbx7qVIVNwoei4un6uG63cbjtZ3+8k7MfujMpLJ00/J9RacUs2rMYGilmlnA=="
      },
      "HotChocolate": {
        "type": "Transitive",
        "resolved": "15.0.3",
        "contentHash": "0wTiXTZo8cusvw2j9qZ5vvAtOxCxyhPcAyceSZnLcu9acmjNy9EGjn2DPo7pUGOYGkrAPbCGsn8q0V6I5Xd0nw==",
        "dependencies": {
          "HotChocolate.Authorization": "15.0.3",
          "HotChocolate.CostAnalysis": "15.0.3",
          "HotChocolate.Execution": "15.0.3",
          "HotChocolate.Execution.Projections": "15.0.3",
          "HotChocolate.Fetching": "15.0.3",
          "HotChocolate.Types": "15.0.3",
          "HotChocolate.Types.CursorPagination": "15.0.3",
          "HotChocolate.Types.Mutations": "15.0.3",
          "HotChocolate.Types.OffsetPagination": "15.0.3",
          "HotChocolate.Types.Queries": "15.0.3",
          "HotChocolate.Validation": "15.0.3"
        }
      },
      "HotChocolate.Abstractions": {
        "type": "Transitive",
        "resolved": "15.0.3",
        "contentHash": "Cge85b+GDP5tnNwho/q/5/oReJVdJIdpaPVhW3YKdoG1lj8uubOJPIhEtRHgCAQJj5ACoYdGW6IdfgQ8zendAQ==",
        "dependencies": {
          "HotChocolate.Primitives": "15.0.3"
        }
      },
      "HotChocolate.Authorization": {
        "type": "Transitive",
        "resolved": "15.0.3",
        "contentHash": "LELtgi+uqqFmIaS/FzKZpMqTvuAhQ58gONFCIOjZXMflUW5O8lPimjU8Re6gsF7Qt53/d4O1cWUZey1H4yE+cQ==",
        "dependencies": {
          "HotChocolate.Execution": "15.0.3"
        }
      },
      "HotChocolate.CostAnalysis": {
        "type": "Transitive",
        "resolved": "15.0.3",
        "contentHash": "9nv1Oxht+B+B+W4OBy0f8rG10dj01Pf2v6CzcbNOPyeQ6NyIhXutfSGUwUcqD1Apa5cR2hYt7vM58h80xZn6mA==",
        "dependencies": {
          "HotChocolate.Execution": "15.0.3",
          "HotChocolate.Types": "15.0.3"
        }
      },
      "HotChocolate.Execution.Abstractions": {
        "type": "Transitive",
        "resolved": "15.0.3",
        "contentHash": "yBQiyHrIvBq5gIMxgfn76Xa0y0KUrcjjnE8J1YCAy8jRWBPA2UMPUhvdYJIokEmJ2hDwKgYC6C71i7rt1lLm5A==",
        "dependencies": {
          "HotChocolate.Abstractions": "15.0.3",
          "Microsoft.Extensions.DependencyInjection.Abstractions": "8.0.0"
        }
      },
      "HotChocolate.Execution.Projections": {
        "type": "Transitive",
        "resolved": "15.0.3",
        "contentHash": "+Ac5CUNwKzAiNIQliHVAlxBmeqKMHYr80MAX39pyp6cgQKOF7FIAk5PYZfJxrPjVKu57+9fpjHyDIzxgPoyV5A==",
        "dependencies": {
          "GreenDonut.Data": "15.0.3",
          "GreenDonut.Data.Abstractions": "15.0.3",
          "GreenDonut.Data.Primitives": "15.0.3",
          "HotChocolate.Execution": "15.0.3"
        }
      },
      "HotChocolate.Features": {
        "type": "Transitive",
        "resolved": "15.0.3",
        "contentHash": "qpUQDim7Vm46iTHWndVLY7/844Jpxbrv2gLVRYGkichAkGp8QlekEFYLWZ7+7x9hbBCMIi1Kc4kfT+gauoN0YQ=="
      },
      "HotChocolate.Fetching": {
        "type": "Transitive",
        "resolved": "15.0.3",
        "contentHash": "X34j9w78PScu84AeS7PNCd6pJM8DGsy62U4Tm72u7jddcOelJbMiV+9P02q76gIhEohFX54kBLNiM7rEAMpUqg==",
        "dependencies": {
          "GreenDonut": "15.0.3",
          "HotChocolate.Types": "15.0.3"
        }
      },
      "HotChocolate.Fusion.Abstractions": {
        "type": "Transitive",
        "resolved": "15.0.3",
        "contentHash": "y2DlvKdfJjq1KinM8Mcfth9wbq3git4RyMyWu+EzPH5XIFN2Fiz9WyWaUk9EBFyTGgh4z1WiEubqy82CZQgcSQ==",
        "dependencies": {
          "HotChocolate.Language": "15.0.3",
          "HotChocolate.Utilities": "15.0.3",
          "System.IO.Packaging": "8.0.1"
        }
      },
      "HotChocolate.Language": {
        "type": "Transitive",
        "resolved": "15.0.3",
        "contentHash": "vwsyi+1Pt1XeD9AR7CIQqk5tU9bML4D+8rYG31f8Rwxk3MWJuSiCmckxha6I5Jbv4PylUm52s6HBdvX4eNCEkA==",
        "dependencies": {
          "HotChocolate.Language.SyntaxTree": "15.0.3",
          "HotChocolate.Language.Utf8": "15.0.3",
          "HotChocolate.Language.Visitors": "15.0.3",
          "HotChocolate.Language.Web": "15.0.3"
        }
      },
      "HotChocolate.Language.SyntaxTree": {
        "type": "Transitive",
        "resolved": "15.0.3",
        "contentHash": "f8tLMn53Acbp6C7ilA6Ajmfycu0SInzsWmbxfhbK9C+GHN7jgXoThr9UdLxvaE+yPsQSN1X0BQvXfOa8rQgOIg==",
        "dependencies": {
          "Microsoft.Extensions.ObjectPool": "8.0.0"
        }
      },
      "HotChocolate.Language.Utf8": {
        "type": "Transitive",
        "resolved": "15.0.3",
        "contentHash": "WiGBozQbLPvD/Mc0hSFSHMrITsUeqMDrLYYnb3yjmVAGyHnqLE62Ji/o8H2erwjmOcKP2/mLXl5w4nc8SU7IvA==",
        "dependencies": {
          "HotChocolate.Language.SyntaxTree": "15.0.3"
        }
      },
      "HotChocolate.Language.Visitors": {
        "type": "Transitive",
        "resolved": "15.0.3",
        "contentHash": "MP1ezWWFfHrYseZC74/yIlAv95Re81whvcVUmrUMJmpoIWZz8ntTkHFiPTo9dmgffnKLt8Ybz8cRUQV0E3Qa9A==",
        "dependencies": {
          "HotChocolate.Language.SyntaxTree": "15.0.3"
        }
      },
      "HotChocolate.Language.Web": {
        "type": "Transitive",
        "resolved": "15.0.3",
        "contentHash": "VF6T5h0OOY6riISagGB1t1DTurhinNeipGv77NM6kTRyNx1SyUCfoGm+lgjhmzS23v0HAA5wimUH2Lg0ibZCLw==",
        "dependencies": {
          "HotChocolate.Language.Utf8": "15.0.3"
        }
      },
      "HotChocolate.Primitives": {
        "type": "Transitive",
        "resolved": "15.0.3",
        "contentHash": "vO5pH8e07B+NI94ek/sPDGbdB/TBsrsa6WBb+0RsjxzZmuF3NYmsXJyVU1meSuozJFfH5jOInfdL2pjvO4Dq6w==",
        "dependencies": {
          "HotChocolate.Language": "15.0.3"
        }
      },
      "HotChocolate.Subscriptions": {
        "type": "Transitive",
        "resolved": "15.0.3",
        "contentHash": "qvdaR2NaxmWlwqIrbZLudt3jVgdPUBQbQ2SwGBjtQj6lkHL2wur8NbUctGduesafI/qb+P1Xp6b47a7Eq2oxAA==",
        "dependencies": {
          "HotChocolate.Abstractions": "15.0.3",
          "HotChocolate.Execution.Abstractions": "15.0.3",
          "HotChocolate.Utilities": "15.0.3"
        }
      },
      "HotChocolate.Subscriptions.InMemory": {
        "type": "Transitive",
        "resolved": "15.0.3",
        "contentHash": "Uz/fh9pM5MzQgL0rEHcCuzzlCQ4hDlW6w1KztA6/Rn1OiClP0fq9HNvnMlMSiyzg3CBDYlpLMYQ6zWPQOrJpmg==",
        "dependencies": {
          "HotChocolate.Execution.Abstractions": "15.0.3",
          "HotChocolate.Subscriptions": "15.0.3",
          "Microsoft.Extensions.DependencyInjection.Abstractions": "8.0.0"
        }
      },
      "HotChocolate.Transport.Abstractions": {
        "type": "Transitive",
        "resolved": "15.0.3",
        "contentHash": "EOghY8J83HEiBJEex1lDP6oq5bycBB+IV1X2s0GKLn0Gj4HMRN0uBfulaCIseEF+5CF/TgA1/6J76bV24iNbhg==",
        "dependencies": {
          "HotChocolate.Language.SyntaxTree": "15.0.3"
        }
      },
      "HotChocolate.Transport.Http": {
        "type": "Transitive",
        "resolved": "15.0.3",
        "contentHash": "mven1f2JSyAph5bONV/evNkXcRamxXgBVvWdwMyxwt7W5tGZ+JAG0fem+MNtUK+0Ac0jrGRx67MulZrCo7QnZg==",
        "dependencies": {
          "HotChocolate.Transport.Abstractions": "15.0.3",
          "HotChocolate.Utilities": "15.0.3",
          "System.IO.Pipelines": "8.0.0"
        }
      },
      "HotChocolate.Transport.Sockets": {
        "type": "Transitive",
        "resolved": "15.0.3",
        "contentHash": "iV47oNWOn9L1QhR7B9TM4BP1VeBjBG97FWZ3/jLuTOCnyCpnTdW+tskVyTrZaAYWM4C6ZRHYIRLn03eAmNGyiA==",
        "dependencies": {
          "System.IO.Pipelines": "8.0.0"
        }
      },
      "HotChocolate.Transport.Sockets.Client": {
        "type": "Transitive",
        "resolved": "15.0.3",
        "contentHash": "ZfqjwqCLq7e/2lrXszscb8UmkfyBfxp35V7j7Z6eTuSjsjjAiUS4fWCQjBNJQ0mxneFbTbifujlsKmLky/F/5w==",
        "dependencies": {
          "HotChocolate.Language.SyntaxTree": "15.0.3",
          "HotChocolate.Transport.Abstractions": "15.0.3",
          "HotChocolate.Transport.Sockets": "15.0.3",
          "HotChocolate.Utilities": "15.0.3"
        }
      },
      "HotChocolate.Types": {
        "type": "Transitive",
        "resolved": "15.0.3",
        "contentHash": "C6H7XGnOGKkQQAuGJSY9566NORK7+nTb9L8yh88IUQ3AMvOjFesgIFefbxUlyZ1siTRWyaJ8IJwSng50DKnjPg==",
        "dependencies": {
          "GreenDonut": "15.0.3",
          "HotChocolate.Abstractions": "15.0.3",
          "HotChocolate.Features": "15.0.3",
          "HotChocolate.Types.Shared": "15.0.3",
          "HotChocolate.Utilities": "15.0.3",
          "Microsoft.Extensions.DependencyInjection": "8.0.0",
          "Microsoft.Extensions.ObjectPool": "8.0.0"
        }
      },
      "HotChocolate.Types.CursorPagination": {
        "type": "Transitive",
        "resolved": "15.0.3",
        "contentHash": "AJEo2uKFaDJbyLyoasVzw+csWj9v/fpbzw+EBswtN0c3iZSsvWClo4hRZlq+OQG1RE+tCdlZlfft1hjy47Xk/w==",
        "dependencies": {
          "HotChocolate.Execution.Abstractions": "15.0.3",
          "HotChocolate.Types": "15.0.3"
        }
      },
      "HotChocolate.Types.Errors": {
        "type": "Transitive",
        "resolved": "15.0.3",
        "contentHash": "XfkzqG2b1rSRuymzEfXZhJsM+RDomPL4wd/mtQPEmSeehK0J15bOeHPsZb8EaDcumHuchfsXCuqJs8w+HwbkYA==",
        "dependencies": {
          "HotChocolate.Execution": "15.0.3"
        }
      },
      "HotChocolate.Types.Mutations": {
        "type": "Transitive",
        "resolved": "15.0.3",
        "contentHash": "5M5zAZVaknZoT9bjvI+VbsW5HSor+06WtNboLXZeo1V/lcQ5NHfrKPCdmKD/Mw9kEKlyCEn9PRs5unZ8Pao8bw==",
        "dependencies": {
          "HotChocolate.Execution": "15.0.3",
          "HotChocolate.Types.Errors": "15.0.3"
        }
      },
      "HotChocolate.Types.OffsetPagination": {
        "type": "Transitive",
        "resolved": "15.0.3",
        "contentHash": "rg11+8zMylOIvRU83kwZhYZRPJ7h8itniltdJTqPJhVH/edhZt49t3mgiRt9dhe4FKzK7jeZoFPviXg9meB/cg==",
        "dependencies": {
          "HotChocolate.Execution": "15.0.3",
          "HotChocolate.Types": "15.0.3"
        }
      },
      "HotChocolate.Types.Queries": {
        "type": "Transitive",
        "resolved": "15.0.3",
        "contentHash": "Xk5iRw4In6jz0PMcSH7ecuILv+CUDmCFJ6oSQn3DAw9hyKwouBN43D8ralxFwRu74FgE2ZufZrJOuVRcO/eCxA==",
        "dependencies": {
          "HotChocolate.Execution": "15.0.3",
          "HotChocolate.Types.Errors": "15.0.3"
        }
      },
      "HotChocolate.Types.Scalars.Upload": {
        "type": "Transitive",
        "resolved": "15.0.3",
        "contentHash": "sEmscvM19H63+2hR//hDIfTyIusAHyhDXMAOpIMUI3vRn6aF6GmOXeTKSdj3JxP2OgyqW/9K5aoexM6u3UcDRA==",
        "dependencies": {
          "HotChocolate.Types": "15.0.3"
        }
      },
      "HotChocolate.Types.Shared": {
        "type": "Transitive",
        "resolved": "15.0.3",
        "contentHash": "yFGxEOKobOwixo6Q323Fz3LprWfMtBl/eOe0RTxcOrwZglliAli/6fGRSSSeMGf4v3BF7O5vR6RLQoliv2bsOg==",
        "dependencies": {
          "HotChocolate.Language.SyntaxTree": "15.0.3"
        }
      },
      "HotChocolate.Utilities": {
        "type": "Transitive",
        "resolved": "15.0.3",
        "contentHash": "Gu6bHYGmigg59OZfXyJ0RH0ARjHQYPvElBQ3fEWfDVXwE9OUACrL/PGZIAB/R7dsAEiFwIINOQnkE1RZnyfq5Q==",
        "dependencies": {
          "Microsoft.Extensions.DependencyInjection.Abstractions": "8.0.0"
        }
      },
      "HotChocolate.Utilities.DependencyInjection": {
        "type": "Transitive",
        "resolved": "15.0.3",
        "contentHash": "EiexO+SgSRliOc8s/g72YkCL/I3XTWMQrka64irH2n0sxNTKoJoN4Tl6/v7FztuEWTG7K+dCrKIz7ddD5GOYTQ==",
        "dependencies": {
          "Microsoft.Extensions.DependencyInjection": "8.0.0"
        }
      },
      "HotChocolate.Validation": {
        "type": "Transitive",
        "resolved": "15.0.3",
        "contentHash": "/nJgw01Q0Mji7m/ceJG3rnLt/vGq5IV773GX+regNCD7ufKCrlJ4UnDpwfPIF8sd7mfHgqdfaT9Hbr9pkEenSg==",
        "dependencies": {
          "HotChocolate.Types": "15.0.3",
          "Microsoft.Extensions.DependencyInjection.Abstractions": "8.0.0",
          "Microsoft.Extensions.Options": "8.0.0"
        }
      },
      "Microsoft.AspNetCore.Http.Features": {
        "type": "Transitive",
        "resolved": "2.3.0",
        "contentHash": "f10WUgcsKqrkmnz6gt8HeZ7kyKjYN30PO7cSic1lPtH7paPtnQqXPOveul/SIPI43PhRD4trttg4ywnrEmmJpA==",
        "dependencies": {
          "Microsoft.Extensions.Primitives": "8.0.0"
        }
      },
      "Microsoft.Extensions.Configuration": {
        "type": "Transitive",
        "resolved": "8.0.0",
        "contentHash": "0J/9YNXTMWSZP2p2+nvl8p71zpSwokZXZuJW+VjdErkegAnFdO1XlqtA62SJtgVYHdKu3uPxJHcMR/r35HwFBA==",
        "dependencies": {
          "Microsoft.Extensions.Configuration.Abstractions": "8.0.0",
          "Microsoft.Extensions.Primitives": "8.0.0"
        }
      },
      "Microsoft.Extensions.Configuration.Abstractions": {
        "type": "Transitive",
        "resolved": "8.0.0",
        "contentHash": "3lE/iLSutpgX1CC0NOW70FJoGARRHbyKmG7dc0klnUZ9Dd9hS6N/POPWhKhMLCEuNN5nXEY5agmlFtH562vqhQ==",
        "dependencies": {
          "Microsoft.Extensions.Primitives": "8.0.0"
        }
      },
      "Microsoft.Extensions.Configuration.Binder": {
        "type": "Transitive",
        "resolved": "8.0.0",
        "contentHash": "mBMoXLsr5s1y2zOHWmKsE9veDcx8h1x/c3rz4baEdQKTeDcmQAPNbB54Pi/lhFO3K431eEq6PFbMgLaa6PHFfA==",
        "dependencies": {
          "Microsoft.Extensions.Configuration.Abstractions": "8.0.0"
        }
      },
      "Microsoft.Extensions.DependencyInjection": {
        "type": "Transitive",
        "resolved": "8.0.0",
        "contentHash": "V8S3bsm50ig6JSyrbcJJ8bW2b9QLGouz+G1miK3UTaOWmMtFwNNNzUf4AleyDWUmTrWMLNnFSLEQtxmxgNQnNQ==",
        "dependencies": {
          "Microsoft.Extensions.DependencyInjection.Abstractions": "8.0.0"
        }
      },
      "Microsoft.Extensions.DependencyInjection.Abstractions": {
        "type": "Transitive",
        "resolved": "9.0.1",
        "contentHash": "Tr74eP0oQ3AyC24ch17N8PuEkrPbD0JqIfENCYqmgKYNOmL8wQKzLJu3ObxTUDrjnn4rHoR1qKa37/eQyHmCDA=="
      },
      "Microsoft.Extensions.Diagnostics": {
        "type": "Transitive",
        "resolved": "8.0.0",
        "contentHash": "3PZp/YSkIXrF7QK7PfC1bkyRYwqOHpWFad8Qx+4wkuumAeXo1NHaxpS9LboNA9OvNSAu+QOVlXbMyoY+pHSqcw==",
        "dependencies": {
          "Microsoft.Extensions.Configuration": "8.0.0",
          "Microsoft.Extensions.Diagnostics.Abstractions": "8.0.0",
          "Microsoft.Extensions.Options.ConfigurationExtensions": "8.0.0"
        }
      },
      "Microsoft.Extensions.Diagnostics.Abstractions": {
        "type": "Transitive",
        "resolved": "8.0.0",
        "contentHash": "JHYCQG7HmugNYUhOl368g+NMxYE/N/AiclCYRNlgCY9eVyiBkOHMwK4x60RYMxv9EL3+rmj1mqHvdCiPpC+D4Q==",
        "dependencies": {
          "Microsoft.Extensions.DependencyInjection.Abstractions": "8.0.0",
          "Microsoft.Extensions.Options": "8.0.0",
          "System.Diagnostics.DiagnosticSource": "8.0.0"
        }
      },
      "Microsoft.Extensions.Http": {
        "type": "Transitive",
        "resolved": "8.0.0",
        "contentHash": "cWz4caHwvx0emoYe7NkHPxII/KkTI8R/LC9qdqJqnKv2poTJ4e2qqPGQqvRoQ5kaSA4FU5IV3qFAuLuOhoqULQ==",
        "dependencies": {
          "Microsoft.Extensions.Configuration.Abstractions": "8.0.0",
          "Microsoft.Extensions.DependencyInjection.Abstractions": "8.0.0",
          "Microsoft.Extensions.Diagnostics": "8.0.0",
          "Microsoft.Extensions.Logging": "8.0.0",
          "Microsoft.Extensions.Logging.Abstractions": "8.0.0",
          "Microsoft.Extensions.Options": "8.0.0"
        }
      },
      "Microsoft.Extensions.Logging": {
        "type": "Transitive",
        "resolved": "8.0.0",
        "contentHash": "tvRkov9tAJ3xP51LCv3FJ2zINmv1P8Hi8lhhtcKGqM+ImiTCC84uOPEI4z8Cdq2C3o9e+Aa0Gw0rmrsJD77W+w==",
        "dependencies": {
          "Microsoft.Extensions.DependencyInjection": "8.0.0",
          "Microsoft.Extensions.Logging.Abstractions": "8.0.0",
          "Microsoft.Extensions.Options": "8.0.0"
        }
      },
      "Microsoft.Extensions.ObjectPool": {
        "type": "Transitive",
        "resolved": "8.0.0",
        "contentHash": "4pm+XgxSukskwjzDDfSjG4KNUIOdFF2VaqZZDtTzoyQMOVSnlV6ZM8a9aVu5dg9LVZTB//utzSc8fOi0b0Mb2Q=="
      },
      "Microsoft.Extensions.Options": {
        "type": "Transitive",
        "resolved": "8.0.0",
        "contentHash": "JOVOfqpnqlVLUzINQ2fox8evY2SKLYJ3BV8QDe/Jyp21u1T7r45x/R/5QdteURMR5r01GxeJSBBUOCOyaNXA3g==",
        "dependencies": {
          "Microsoft.Extensions.DependencyInjection.Abstractions": "8.0.0",
          "Microsoft.Extensions.Primitives": "8.0.0"
        }
      },
      "Microsoft.Extensions.Options.ConfigurationExtensions": {
        "type": "Transitive",
        "resolved": "8.0.0",
        "contentHash": "0f4DMRqEd50zQh+UyJc+/HiBsZ3vhAQALgdkcQEalSH1L2isdC7Yj54M3cyo5e+BeO5fcBQ7Dxly8XiBBcvRgw==",
        "dependencies": {
          "Microsoft.Extensions.Configuration.Abstractions": "8.0.0",
          "Microsoft.Extensions.Configuration.Binder": "8.0.0",
          "Microsoft.Extensions.DependencyInjection.Abstractions": "8.0.0",
          "Microsoft.Extensions.Options": "8.0.0",
          "Microsoft.Extensions.Primitives": "8.0.0"
        }
      },
      "Microsoft.Extensions.Primitives": {
        "type": "Transitive",
        "resolved": "8.0.0",
        "contentHash": "bXJEZrW9ny8vjMF1JV253WeLhpEVzFo1lyaZu1vQ4ZxWUlVvknZ/+ftFgVheLubb4eZPSwwxBeqS1JkCOjxd8g=="
      },
      "Microsoft.IdentityModel.Abstractions": {
        "type": "Transitive",
        "resolved": "7.1.2",
        "contentHash": "33eTIA2uO/L9utJjZWbKsMSVsQf7F8vtd6q5mQX7ZJzNvCpci5fleD6AeANGlbbb7WX7XKxq9+Dkb5e3GNDrmQ=="
      },
      "Microsoft.IdentityModel.JsonWebTokens": {
        "type": "Transitive",
        "resolved": "7.1.2",
        "contentHash": "cloLGeZolXbCJhJBc5OC05uhrdhdPL6MWHuVUnkkUvPDeK7HkwThBaLZ1XjBQVk9YhxXE2OvHXnKi0PLleXxDg==",
        "dependencies": {
          "Microsoft.IdentityModel.Tokens": "7.1.2"
        }
      },
      "Microsoft.IdentityModel.Logging": {
        "type": "Transitive",
        "resolved": "7.1.2",
        "contentHash": "YCxBt2EeJP8fcXk9desChkWI+0vFqFLvBwrz5hBMsoh0KJE6BC66DnzkdzkJNqMltLromc52dkdT206jJ38cTw==",
        "dependencies": {
          "Microsoft.IdentityModel.Abstractions": "7.1.2"
        }
      },
      "Microsoft.IdentityModel.Protocols": {
        "type": "Transitive",
        "resolved": "7.1.2",
        "contentHash": "SydLwMRFx6EHPWJ+N6+MVaoArN1Htt92b935O3RUWPY1yUF63zEjvd3lBu79eWdZUwedP8TN2I5V9T3nackvIQ==",
        "dependencies": {
          "Microsoft.IdentityModel.Logging": "7.1.2",
          "Microsoft.IdentityModel.Tokens": "7.1.2"
        }
      },
      "Microsoft.IdentityModel.Protocols.OpenIdConnect": {
        "type": "Transitive",
        "resolved": "7.1.2",
        "contentHash": "6lHQoLXhnMQ42mGrfDkzbIOR3rzKM1W1tgTeMPLgLCqwwGw0d96xFi/UiX/fYsu7d6cD5MJiL3+4HuI8VU+sVQ==",
        "dependencies": {
          "Microsoft.IdentityModel.Protocols": "7.1.2",
          "System.IdentityModel.Tokens.Jwt": "7.1.2"
        }
      },
      "Microsoft.IdentityModel.Tokens": {
        "type": "Transitive",
        "resolved": "7.1.2",
        "contentHash": "oICJMqr3aNEDZOwnH5SK49bR6Z4aX0zEAnOLuhloumOSuqnNq+GWBdQyrgILnlcT5xj09xKCP/7Y7gJYB+ls/g==",
        "dependencies": {
          "Microsoft.IdentityModel.Logging": "7.1.2"
        }
      },
      "System.Diagnostics.DiagnosticSource": {
        "type": "Transitive",
        "resolved": "9.0.1",
        "contentHash": "yOcDWx4P/s1I83+7gQlgQLmhny2eNcU0cfo1NBWi+en4EAI38Jau+/neT85gUW6w1s7+FUJc2qNOmmwGLIREqA=="
      },
      "System.IdentityModel.Tokens.Jwt": {
        "type": "Transitive",
        "resolved": "7.1.2",
        "contentHash": "Thhbe1peAmtSBFaV/ohtykXiZSOkx59Da44hvtWfIMFofDA3M3LaVyjstACf2rKGn4dEDR2cUpRAZ0Xs/zB+7Q==",
        "dependencies": {
          "Microsoft.IdentityModel.JsonWebTokens": "7.1.2",
          "Microsoft.IdentityModel.Tokens": "7.1.2"
        }
      },
      "System.IO.Hashing": {
        "type": "Transitive",
        "resolved": "8.0.0",
        "contentHash": "ne1843evDugl0md7Fjzy6QjJrzsjh46ZKbhf8GwBXb5f/gw97J4bxMs0NQKifDuThh/f0bZ0e62NPl1jzTuRqA=="
      },
      "System.IO.Packaging": {
        "type": "Transitive",
        "resolved": "8.0.1",
        "contentHash": "KYkIOAvPexQOLDxPO2g0BVoWInnQhPpkFzRqvNrNrMhVT6kqhVr0zEb6KCHlptLFukxnZrjuMVAnxK7pOGUYrw=="
      },
      "System.IO.Pipelines": {
        "type": "Transitive",
        "resolved": "8.0.0",
        "contentHash": "FHNOatmUq0sqJOkTx+UF/9YK1f180cnW5FVqnQMvYUN0elp6wFzbtPSiqbo1/ru8ICp43JM1i7kKkk6GsNGHlA=="
      },
      "System.Reactive": {
        "type": "Transitive",
        "resolved": "6.0.0",
        "contentHash": "31kfaW4ZupZzPsI5PVe77VhnvFF55qgma7KZr/E0iFTs6fmdhhG8j0mgEx620iLTey1EynOkEfnyTjtNEpJzGw=="
      },
      "System.Text.Encodings.Web": {
        "type": "Transitive",
        "resolved": "8.0.0",
        "contentHash": "yev/k9GHAEGx2Rg3/tU6MQh4HGBXJs70y7j1LaM1i/ER9po+6nnQ6RRqTJn1E7Xu0fbIFK80Nh5EoODxrbxwBQ=="
      },
      "Yarp.ReverseProxy": {
        "type": "Transitive",
        "resolved": "2.2.0",
        "contentHash": "t16Z+OplJEElJy1Q6t12EwMGF2BeLw8IKjD1ema7ewbCRaMqeVIRPZo3MlxidnRFRK+tV6II8tKYX+7N5ZS98A==",
        "dependencies": {
          "System.IO.Hashing": "8.0.0"
        }
      }
    }
  }
}