{
  "version": 1,
  "dependencies": {
    "net8.0": {
      "GreenDonut.Data": {
        "type": "Direct",
        "requested": "[15.0.3, 15.0.3]",
        "resolved": "15.0.3",
        "contentHash": "UCWZAatk/61MZVzlD+tCW1y1waHvnkL91Ig88zaUUgZhtkruZ3IfUGPYujryMyCy4lZ1ngsF8wuwfmzADC7UOw==",
        "dependencies": {
          "GreenDonut": "15.0.3",
          "GreenDonut.Data.Abstractions": "15.0.3"
        }
      },
      "Microsoft.EntityFrameworkCore": {
        "type": "Direct",
        "requested": "[7.0.15, 7.0.15]",
        "resolved": "7.0.15",
        "contentHash": "grjnH94+hXgTqRFdfl88otvlqHTG1QEtlLm6ADI3vtZ1h+C8xNhvKRLNNw1RMD7CKADpoEEPNgqTXKCg+Ki8OQ==",
        "dependencies": {
          "Microsoft.EntityFrameworkCore.Abstractions": "7.0.15",
          "Microsoft.EntityFrameworkCore.Analyzers": "7.0.15",
          "Microsoft.Extensions.Caching.Memory": "7.0.0",
          "Microsoft.Extensions.DependencyInjection": "7.0.0",
          "Microsoft.Extensions.Logging": "7.0.0"
        }
      },
      "GreenDonut": {
        "type": "Transitive",
        "resolved": "15.0.3",
        "contentHash": "RqAKD20be6EY7AsMUpiJ58z7Ucc2U0psNOQoCeTQ1KhNjWFlYCGNI1VQidA2PcNleRdZ6CBlPIOLC4LxoyWUBQ==",
        "dependencies": {
          "GreenDonut.Abstractions": "15.0.3",
          "Microsoft.Extensions.DependencyInjection.Abstractions": "8.0.0",
          "Microsoft.Extensions.ObjectPool": "8.0.0"
        }
      },
      "GreenDonut.Abstractions": {
        "type": "Transitive",
        "resolved": "15.0.3",
        "contentHash": "2fuKN8Mu65r67ellWaSp2tsK6cRHgwtodSrZTdDSNtDdlAlAT+i1c6RRIx8BwdYBR50NlVP1soPbH9SL6vGE7Q=="
      },
      "GreenDonut.Data.Abstractions": {
        "type": "Transitive",
        "resolved": "15.0.3",
        "contentHash": "GjwjaqzEOOGk59LYKsWx6q4qY2eHbOFVDyDfEqDz7hXotZfk+OXiMpj5z0Jf2AlYKskyqE4FGpDYqx0iIMg5UQ==",
        "dependencies": {
          "GreenDonut.Abstractions": "15.0.3",
          "GreenDonut.Data.Primitives": "15.0.3"
        }
      },
      "GreenDonut.Data.Primitives": {
        "type": "Transitive",
        "resolved": "15.0.3",
        "contentHash": "t27v5GLmBTYT+S0MO5ob9q9dcjWbx7qVIVNwoei4un6uG63cbjtZ3+8k7MfujMpLJ00/J9RacUs2rMYGilmlnA=="
      },
      "Microsoft.EntityFrameworkCore.Abstractions": {
        "type": "Transitive",
        "resolved": "7.0.15",
        "contentHash": "YZYw1g0EGGkWdC+ymHRccQryerGyh7XlcL8nRo3r7kkPurPJgVCCtC+PK5pBwJGPDdwCYMrwHSoAtfEWcqqQjQ=="
      },
      "Microsoft.EntityFrameworkCore.Analyzers": {
        "type": "Transitive",
        "resolved": "7.0.15",
        "contentHash": "zscMrRQQR1O4U5PhZ98ASBNdU/mAsSpqTwkE8RrguZEox31jYBK65LWTlFPPBWycEiC6U9feBZZ3bkkrmpWtbQ=="
      },
      "Microsoft.Extensions.Caching.Abstractions": {
        "type": "Transitive",
        "resolved": "7.0.0",
        "contentHash": "IeimUd0TNbhB4ded3AbgBLQv2SnsiVugDyGV1MvspQFVlA07nDC7Zul7kcwH5jWN3JiTcp/ySE83AIJo8yfKjg==",
        "dependencies": {
          "Microsoft.Extensions.Primitives": "7.0.0"
        }
      },
      "Microsoft.Extensions.Caching.Memory": {
        "type": "Transitive",
        "resolved": "7.0.0",
        "contentHash": "xpidBs2KCE2gw1JrD0quHE72kvCaI3xFql5/Peb2GRtUuZX+dYPoK/NTdVMiM67Svym0M0Df9A3xyU0FbMQhHw==",
        "dependencies": {
          "Microsoft.Extensions.Caching.Abstractions": "7.0.0",
          "Microsoft.Extensions.DependencyInjection.Abstractions": "7.0.0",
          "Microsoft.Extensions.Logging.Abstractions": "7.0.0",
          "Microsoft.Extensions.Options": "7.0.0",
          "Microsoft.Extensions.Primitives": "7.0.0"
        }
      },
      "Microsoft.Extensions.DependencyInjection": {
        "type": "Transitive",
        "resolved": "7.0.0",
        "contentHash": "elNeOmkeX3eDVG6pYVeV82p29hr+UKDaBhrZyWvWLw/EVZSYEkZlQdkp0V39k/Xehs2Qa0mvoCvkVj3eQxNQ1Q==",
        "dependencies": {
          "Microsoft.Extensions.DependencyInjection.Abstractions": "7.0.0"
        }
      },
      "Microsoft.Extensions.DependencyInjection.Abstractions": {
        "type": "Transitive",
        "resolved": "8.0.0",
        "contentHash": "cjWrLkJXK0rs4zofsK4bSdg+jhDLTaxrkXu4gS6Y7MAlCvRyNNgwY/lJi5RDlQOnSZweHqoyvgvbdvQsRIW+hg=="
      },
      "Microsoft.Extensions.Logging": {
        "type": "Transitive",
        "resolved": "7.0.0",
        "contentHash": "Nw2muoNrOG5U5qa2ZekXwudUn2BJcD41e65zwmDHb1fQegTX66UokLWZkJRpqSSHXDOWZ5V0iqhbxOEky91atA==",
        "dependencies": {
          "Microsoft.Extensions.DependencyInjection": "7.0.0",
          "Microsoft.Extensions.DependencyInjection.Abstractions": "7.0.0",
          "Microsoft.Extensions.Logging.Abstractions": "7.0.0",
          "Microsoft.Extensions.Options": "7.0.0"
        }
      },
      "Microsoft.Extensions.Logging.Abstractions": {
        "type": "Transitive",
        "resolved": "7.0.0",
        "contentHash": "kmn78+LPVMOWeITUjIlfxUPDsI0R6G0RkeAMBmQxAJ7vBJn4q2dTva7pWi65ceN5vPGjJ9q/Uae2WKgvfktJAw=="
      },
      "Microsoft.Extensions.ObjectPool": {
        "type": "Transitive",
        "resolved": "8.0.0",
        "contentHash": "4pm+XgxSukskwjzDDfSjG4KNUIOdFF2VaqZZDtTzoyQMOVSnlV6ZM8a9aVu5dg9LVZTB//utzSc8fOi0b0Mb2Q=="
      },
      "Microsoft.Extensions.Options": {
        "type": "Transitive",
        "resolved": "7.0.0",
        "contentHash": "lP1yBnTTU42cKpMozuafbvNtQ7QcBjr/CcK3bYOGEMH55Fjt+iecXjT6chR7vbgCMqy3PG3aNQSZgo/EuY/9qQ==",
        "dependencies": {
          "Microsoft.Extensions.DependencyInjection.Abstractions": "7.0.0",
          "Microsoft.Extensions.Primitives": "7.0.0"
        }
      },
      "Microsoft.Extensions.Primitives": {
        "type": "Transitive",
        "resolved": "7.0.0",
        "contentHash": "um1KU5kxcRp3CNuI8o/GrZtD4AIOXDk+RLsytjZ9QPok3ttLUelLKpilVPuaFT3TFjOhSibUAso0odbOaCDj3Q=="
      }
    }
  }
}